
Microsoft Visual Studio Solution File, Format Version 12.00
# Visual Studio Version 17
VisualStudioVersion = 17.9.34723.18
MinimumVisualStudioVersion = 10.0.40219.1
Project("{FAE04EC0-301F-11D3-BF4B-00C04F79EFBC}") = "1", "1\1.csproj", "{6ED90D42-BCC5-4C90-9BF4-46A5472599A6}"
EndProject
Project("{FAE04EC0-301F-11D3-BF4B-00C04F79EFBC}") = "2", "2\2.csproj", "{3885D336-A811-4013-88FC-546305A2A9C6}"
EndProject
Project("{FAE04EC0-301F-11D3-BF4B-00C04F79EFBC}") = "3", "3\3.csproj", "{C24E25BD-4924-40C3-9608-6AAF6B959064}"
EndProject
Project("{FAE04EC0-301F-11D3-BF4B-00C04F79EFBC}") = "4", "4\4.csproj", "{CF99F536-8D11-45B6-BEC8-76A2457045C7}"
EndProject
Project("{FAE04EC0-301F-11D3-BF4B-00C04F79EFBC}") = "5", "5\5.csproj", "{EFB750A2-C9F6-41CA-9D4B-1EDAF87A27D1}"
EndProject
Global
	GlobalSection(SolutionConfigurationPlatforms) = preSolution
		Debug|Any CPU = Debug|Any CPU
		Release|Any CPU = Release|Any CPU
	EndGlobalSection
	GlobalSection(ProjectConfigurationPlatforms) = postSolution
		{6ED90D42-BCC5-4C90-9BF4-46A5472599A6}.Debug|Any CPU.ActiveCfg = Debug|Any CPU
		{6ED90D42-BCC5-4C90-9BF4-46A5472599A6}.Debug|Any CPU.Build.0 = Debug|Any CPU
		{6ED90D42-BCC5-4C90-9BF4-46A5472599A6}.Release|Any CPU.ActiveCfg = Release|Any CPU
		{6ED90D42-BCC5-4C90-9BF4-46A5472599A6}.Release|Any CPU.Build.0 = Release|Any CPU
		{3885D336-A811-4013-88FC-546305A2A9C6}.Debug|Any CPU.ActiveCfg = Debug|Any CPU
		{3885D336-A811-4013-88FC-546305A2A9C6}.Debug|Any CPU.Build.0 = Debug|Any CPU
		{3885D336-A811-4013-88FC-546305A2A9C6}.Release|Any CPU.ActiveCfg = Release|Any CPU
		{3885D336-A811-4013-88FC-546305A2A9C6}.Release|Any CPU.Build.0 = Release|Any CPU
		{C24E25BD-4924-40C3-9608-6AAF6B959064}.Debug|Any CPU.ActiveCfg = Debug|Any CPU
		{C24E25BD-4924-40C3-9608-6AAF6B959064}.Debug|Any CPU.Build.0 = Debug|Any CPU
		{C24E25BD-4924-40C3-9608-6AAF6B959064}.Release|Any CPU.ActiveCfg = Release|Any CPU
		{C24E25BD-4924-40C3-9608-6AAF6B959064}.Release|Any CPU.Build.0 = Release|Any CPU
		{CF99F536-8D11-45B6-BEC8-76A2457045C7}.Debug|Any CPU.ActiveCfg = Debug|Any CPU
		{CF99F536-8D11-45B6-BEC8-76A2457045C7}.Debug|Any CPU.Build.0 = Debug|Any CPU
		{CF99F536-8D11-45B6-BEC8-76A2457045C7}.Release|Any CPU.ActiveCfg = Release|Any CPU
		{CF99F536-8D11-45B6-BEC8-76A2457045C7}.Release|Any CPU.Build.0 = Release|Any CPU
		{EFB750A2-C9F6-41CA-9D4B-1EDAF87A27D1}.Debug|Any CPU.ActiveCfg = Debug|Any CPU
		{EFB750A2-C9F6-41CA-9D4B-1EDAF87A27D1}.Debug|Any CPU.Build.0 = Debug|Any CPU
		{EFB750A2-C9F6-41CA-9D4B-1EDAF87A27D1}.Release|Any CPU.ActiveCfg = Release|Any CPU
		{EFB750A2-C9F6-41CA-9D4B-1EDAF87A27D1}.Release|Any CPU.Build.0 = Release|Any CPU
	EndGlobalSection
	GlobalSection(SolutionProperties) = preSolution
		HideSolutionNode = FALSE
	EndGlobalSection
	GlobalSection(ExtensibilityGlobals) = postSolution
		SolutionGuid = {D0E8331A-54B5-41C4-93E8-D3E861FEF404}
	EndGlobalSection
EndGlobal
